{
  "name": "vimz-on-chain-verification-showcase",
  "version": "1.0.0",
  "lockfileVersion": 3,
  "requires": true,
  "packages": {
    "": {
      "name": "vimz-on-chain-verification-showcase",
      "version": "1.0.0",
      "dependencies": {
        "forge-std": "github:foundry-rs/forge-std#v1.8.1"
      }
    },
    "node_modules/forge-std": {
      "version": "1.7.6",
      "resolved": "git+ssh://git@github.com/foundry-rs/forge-std.git#bb4ceea94d6f10eeb5b41dc2391c6c8bf8e734ef",
      "license": "(Apache-2.0 OR MIT)"
    }
  }
}
